// !$*UTF8*$!
{
	archiveVersion = 1;
	classes = {
	};
	objectVersion = 46;
	objects = {

/* Begin PBXBuildFile section */
		1D5B741D1D84897A001E1A15 /* AppDelegate.swift in Sources */ = {isa = PBXBuildFile; fileRef = 1D5B741C1D84897A001E1A15 /* AppDelegate.swift */; };
		1D5B741F1D84897A001E1A15 /* ViewController.swift in Sources */ = {isa = PBXBuildFile; fileRef = 1D5B741E1D84897A001E1A15 /* ViewController.swift */; };
		1D5B74221D84897A001E1A15 /* Main.storyboard in Resources */ = {isa = PBXBuildFile; fileRef = 1D5B74201D84897A001E1A15 /* Main.storyboard */; };
		1D5B74241D84897A001E1A15 /* Assets.xcassets in Resources */ = {isa = PBXBuildFile; fileRef = 1D5B74231D84897A001E1A15 /* Assets.xcassets */; };
		1D5B74271D84897A001E1A15 /* LaunchScreen.storyboard in Resources */ = {isa = PBXBuildFile; fileRef = 1D5B74251D84897A001E1A15 /* LaunchScreen.storyboard */; };
		1D5B74311D8489F0001E1A15 /* SetDateController.swift in Sources */ = {isa = PBXBuildFile; fileRef = 1D5B74301D8489F0001E1A15 /* SetDateController.swift */; };
		1D5B74331D859D9C001E1A15 /* iAd.framework in Frameworks */ = {isa = PBXBuildFile; fileRef = 1D5B74321D859D9C001E1A15 /* iAd.framework */; };
		1D5B74351D862623001E1A15 /* CheckBox.swift in Sources */ = {isa = PBXBuildFile; fileRef = 1D5B74341D862623001E1A15 /* CheckBox.swift */; };
/* End PBXBuildFile section */

/* Begin PBXFileReference section */
		1D5B74191D84897A001E1A15 /* DisneyCountDown.app */ = {isa = PBXFileReference; explicitFileType = wrapper.application; includeInIndex = 0; path = DisneyCountDown.app; sourceTree = BUILT_PRODUCTS_DIR; };
		1D5B741C1D84897A001E1A15 /* AppDelegate.swift */ = {isa = PBXFileReference; lastKnownFileType = sourcecode.swift; path = AppDelegate.swift; sourceTree = "<group>"; };
		1D5B741E1D84897A001E1A15 /* ViewController.swift */ = {isa = PBXFileReference; lastKnownFileType = sourcecode.swift; path = ViewController.swift; sourceTree = "<group>"; };
		1D5B74211D84897A001E1A15 /* Base */ = {isa = PBXFileReference; lastKnownFileType = file.storyboard; name = Base; path = Base.lproj/Main.storyboard; sourceTree = "<group>"; };
		1D5B74231D84897A001E1A15 /* Assets.xcassets */ = {isa = PBXFileReference; lastKnownFileType = folder.assetcatalog; path = Assets.xcassets; sourceTree = "<group>"; };
		1D5B74261D84897A001E1A15 /* Base */ = {isa = PBXFileReference; lastKnownFileType = file.storyboard; name = Base; path = Base.lproj/LaunchScreen.storyboard; sourceTree = "<group>"; };
		1D5B74281D84897A001E1A15 /* Info.plist */ = {isa = PBXFileReference; lastKnownFileType = text.plist.xml; path = Info.plist; sourceTree = "<group>"; };
		1D5B74301D8489F0001E1A15 /* SetDateController.swift */ = {isa = PBXFileReference; fileEncoding = 4; lastKnownFileType = sourcecode.swift; path = SetDateController.swift; sourceTree = "<group>"; };
		1D5B74321D859D9C001E1A15 /* iAd.framework */ = {isa = PBXFileReference; lastKnownFileType = wrapper.framework; name = iAd.framework; path = System/Library/Frameworks/iAd.framework; sourceTree = SDKROOT; };
		1D5B74341D862623001E1A15 /* CheckBox.swift */ = {isa = PBXFileReference; fileEncoding = 4; lastKnownFileType = sourcecode.swift; path = CheckBox.swift; sourceTree = "<group>"; };
/* End PBXFileReference section */

/* Begin PBXFrameworksBuildPhase section */
		1D5B74161D84897A001E1A15 /* Frameworks */ = {
			isa = PBXFrameworksBuildPhase;
			buildActionMask = 2147483647;
			files = (
				1D5B74331D859D9C001E1A15 /* iAd.framework in Frameworks */,
			);
			runOnlyForDeploymentPostprocessing = 0;
		};
/* End PBXFrameworksBuildPhase section */

/* Begin PBXGroup section */
		1D5B74101D84897A001E1A15 = {
			isa = PBXGroup;
			children = (
				1D5B74321D859D9C001E1A15 /* iAd.framework */,
				1D5B741B1D84897A001E1A15 /* DisneyCountDown */,
				1D5B741A1D84897A001E1A15 /* Products */,
			);
			sourceTree = "<group>";
		};
		1D5B741A1D84897A001E1A15 /* Products */ = {
			isa = PBXGroup;
			children = (
				1D5B74191D84897A001E1A15 /* DisneyCountDown.app */,
			);
			name = Products;
			sourceTree = "<group>";
		};
		1D5B741B1D84897A001E1A15 /* DisneyCountDown */ = {
			isa = PBXGroup;
			children = (
				1D5B741C1D84897A001E1A15 /* AppDelegate.swift */,
				1D5B741E1D84897A001E1A15 /* ViewController.swift */,
				1D5B74201D84897A001E1A15 /* Main.storyboard */,
				1D5B74231D84897A001E1A15 /* Assets.xcassets */,
				1D5B74251D84897A001E1A15 /* LaunchScreen.storyboard */,
				1D5B74281D84897A001E1A15 /* Info.plist */,
				1D5B74301D8489F0001E1A15 /* SetDateController.swift */,
				1D5B74341D862623001E1A15 /* CheckBox.swift */,
			);
			name = DisneyCountDown;
			path = PassData;
			sourceTree = "<group>";
		};
/* End PBXGroup section */

/* Begin PBXNativeTarget section */
		1D5B74181D84897A001E1A15 /* DisneyCountDown */ = {
			isa = PBXNativeTarget;
			buildConfigurationList = 1D5B742B1D84897A001E1A15 /* Build configuration list for PBXNativeTarget "DisneyCountDown" */;
			buildPhases = (
				1D5B74151D84897A001E1A15 /* Sources */,
				1D5B74161D84897A001E1A15 /* Frameworks */,
				1D5B74171D84897A001E1A15 /* Resources */,
			);
			buildRules = (
			);
			dependencies = (
			);
			name = DisneyCountDown;
			productName = PassData;
			productReference = 1D5B74191D84897A001E1A15 /* DisneyCountDown.app */;
			productType = "com.apple.product-type.application";
		};
/* End PBXNativeTarget section */

/* Begin PBXProject section */
		1D5B74111D84897A001E1A15 /* Project object */ = {
			isa = PBXProject;
			attributes = {
				LastSwiftUpdateCheck = 0730;
				LastUpgradeCheck = 0730;
				ORGANIZATIONNAME = Pearce;
				TargetAttributes = {
					1D5B74181D84897A001E1A15 = {
						CreatedOnToolsVersion = 7.3.1;
						DevelopmentTeam = 7UVW89GGJ4;
					};
				};
			};
			buildConfigurationList = 1D5B74141D84897A001E1A15 /* Build configuration list for PBXProject "DisneyCountDown" */;
			compatibilityVersion = "Xcode 3.2";
			developmentRegion = English;
			hasScannedForEncodings = 0;
			knownRegions = (
				en,
				Base,
			);
			mainGroup = 1D5B74101D84897A001E1A15;
			productRefGroup = 1D5B741A1D84897A001E1A15 /* Products */;
			projectDirPath = "";
			projectRoot = "";
			targets = (
				1D5B74181D84897A001E1A15 /* DisneyCountDown */,
			);
		};
/* End PBXProject section */

/* Begin PBXResourcesBuildPhase section */
		1D5B74171D84897A001E1A15 /* Resources */ = {
			isa = PBXResourcesBuildPhase;
			buildActionMask = 2147483647;
			files = (
				1D5B74271D84897A001E1A15 /* LaunchScreen.storyboard in Resources */,
				1D5B74241D84897A001E1A15 /* Assets.xcassets in Resources */,
				1D5B74221D84897A001E1A15 /* Main.storyboard in Resources */,
			);
			runOnlyForDeploymentPostprocessing = 0;
		};
/* End PBXResourcesBuildPhase section */

/* Begin PBXSourcesBuildPhase section */
		1D5B74151D84897A001E1A15 /* Sources */ = {
			isa = PBXSourcesBuildPhase;
			buildActionMask = 2147483647;
			files = (
				1D5B74351D862623001E1A15 /* CheckBox.swift in Sources */,
				1D5B74311D8489F0001E1A15 /* SetDateController.swift in Sources */,
				1D5B741F1D84897A001E1A15 /* ViewController.swift in Sources */,
				1D5B741D1D84897A001E1A15 /* AppDelegate.swift in Sources */,
			);
			runOnlyForDeploymentPostprocessing = 0;
		};
/* End PBXSourcesBuildPhase section */

/* Begin PBXVariantGroup section */
		1D5B74201D84897A001E1A15 /* Main.storyboard */ = {
			isa = PBXVariantGroup;
			children = (
				1D5B74211D84897A001E1A15 /* Base */,
			);
			name = Main.storyboard;
			sourceTree = "<group>";
		};
		1D5B74251D84897A001E1A15 /* LaunchScreen.storyboard */ = {
			isa = PBXVariantGroup;
			children = (
				1D5B74261D84897A001E1A15 /* Base */,
			);
			name = LaunchScreen.storyboard;
			sourceTree = "<group>";
		};
/* End PBXVariantGroup section */

/* Begin XCBuildConfiguration section */
		1D5B74291D84897A001E1A15 /* Debug */ = {
			isa = XCBuildConfiguration;
			buildSettings = {
				ALWAYS_SEARCH_USER_PATHS = NO;
				CLANG_ANALYZER_NONNULL = YES;
				CLANG_CXX_LANGUAGE_STANDARD = "gnu++0x";
				CLANG_CXX_LIBRARY = "libc++";
				CLANG_ENABLE_MODULES = YES;
				CLANG_ENABLE_OBJC_ARC = YES;
				CLANG_WARN_BOOL_CONVERSION = YES;
				CLANG_WARN_CONSTANT_CONVERSION = YES;
				CLANG_WARN_DIRECT_OBJC_ISA_USAGE = YES_ERROR;
				CLANG_WARN_EMPTY_BODY = YES;
				CLANG_WARN_ENUM_CONVERSION = YES;
				CLANG_WARN_INT_CONVERSION = YES;
				CLANG_WARN_OBJC_ROOT_CLASS = YES_ERROR;
				CLANG_WARN_UNREACHABLE_CODE = YES;
				CLANG_WARN__DUPLICATE_METHOD_MATCH = YES;
				"CODE_SIGN_IDENTITY[sdk=iphoneos*]" = "iPhone Developer";
				COPY_PHASE_STRIP = NO;
				DEBUG_INFORMATION_FORMAT = dwarf;
				ENABLE_STRICT_OBJC_MSGSEND = YES;
				ENABLE_TESTABILITY = YES;
				GCC_C_LANGUAGE_STANDARD = gnu99;
				GCC_DYNAMIC_NO_PIC = NO;
				GCC_NO_COMMON_BLOCKS = YES;
				GCC_OPTIMIZATION_LEVEL = 0;
				GCC_PREPROCESSOR_DEFINITIONS = (
					"DEBUG=1",
					"$(inherited)",
				);
				GCC_WARN_64_TO_32_BIT_CONVERSION = YES;
				GCC_WARN_ABOUT_RETURN_TYPE = YES_ERROR;
				GCC_WARN_UNDECLARED_SELECTOR = YES;
				GCC_WARN_UNINITIALIZED_AUTOS = YES_AGGRESSIVE;
				GCC_WARN_UNUSED_FUNCTION = YES;
				GCC_WARN_UNUSED_VARIABLE = YES;
				IPHONEOS_DEPLOYMENT_TARGET = 9.3;
				MTL_ENABLE_DEBUG_INFO = YES;
				ONLY_ACTIVE_ARCH = YES;
				SDKROOT = iphoneos;
				SWIFT_OPTIMIZATION_LEVEL = "-Onone";
			};
			name = Debug;
		};
		1D5B742A1D84897A001E1A15 /* Release */ = {
			isa = XCBuildConfiguration;
			buildSettings = {
				ALWAYS_SEARCH_USER_PATHS = NO;
				CLANG_ANALYZER_NONNULL = YES;
				CLANG_CXX_LANGUAGE_STANDARD = "gnu++0x";
				CLANG_CXX_LIBRARY = "libc++";
				CLANG_ENABLE_MODULES = YES;
				CLANG_ENABLE_OBJC_ARC = YES;
				CLANG_WARN_BOOL_CONVERSION = YES;
				CLANG_WARN_CONSTANT_CONVERSION = YES;
				CLANG_WARN_DIRECT_OBJC_ISA_USAGE = YES_ERROR;
				CLANG_WARN_EMPTY_BODY = YES;
				CLANG_WARN_ENUM_CONVERSION = YES;
				CLANG_WARN_INT_CONVERSION = YES;
				CLANG_WARN_OBJC_ROOT_CLASS = YES_ERROR;
				CLANG_WARN_UNREACHABLE_CODE = YES;
				CLANG_WARN__DUPLICATE_METHOD_MATCH = YES;
				"CODE_SIGN_IDENTITY[sdk=iphoneos*]" = "iPhone Developer";
				COPY_PHASE_STRIP = NO;
				DEBUG_INFORMATION_FORMAT = "dwarf-with-dsym";
				ENABLE_NS_ASSERTIONS = NO;
				ENABLE_STRICT_OBJC_MSGSEND = YES;
				GCC_C_LANGUAGE_STANDARD = gnu99;
				GCC_NO_COMMON_BLOCKS = YES;
				GCC_WARN_64_TO_32_BIT_CONVERSION = YES;
				GCC_WARN_ABOUT_RETURN_TYPE = YES_ERROR;
				GCC_WARN_UNDECLARED_SELECTOR = YES;
				GCC_WARN_UNINITIALIZED_AUTOS = YES_AGGRESSIVE;
				GCC_WARN_UNUSED_FUNCTION = YES;
				GCC_WARN_UNUSED_VARIABLE = YES;
				IPHONEOS_DEPLOYMENT_TARGET = 9.3;
				MTL_ENABLE_DEBUG_INFO = NO;
				SDKROOT = iphoneos;
				VALIDATE_PRODUCT = YES;
			};
			name = Release;
		};
		1D5B742C1D84897A001E1A15 /* Debug */ = {
			isa = XCBuildConfiguration;
			buildSettings = {
				ASSETCATALOG_COMPILER_APPICON_NAME = AppIcon;
				CODE_SIGN_IDENTITY = "iPhone Developer";
				INFOPLIST_FILE = PassData/Info.plist;
				IPHONEOS_DEPLOYMENT_TARGET = 10.0;
				LD_RUNPATH_SEARCH_PATHS = "$(inherited) @executable_path/Frameworks";
				PRODUCT_BUNDLE_IDENTIFIER = com.pearce.DisneyCountDown;
				PRODUCT_NAME = DisneyCountDown;
			};
			name = Debug;
		};
		1D5B742D1D84897A001E1A15 /* Release */ = {
			isa = XCBuildConfiguration;
			buildSettings = {
				ASSETCATALOG_COMPILER_APPICON_NAME = AppIcon;
				CODE_SIGN_IDENTITY = "iPhone Developer";
				INFOPLIST_FILE = PassData/Info.plist;
				IPHONEOS_DEPLOYMENT_TARGET = 10.0;
				LD_RUNPATH_SEARCH_PATHS = "$(inherited) @executable_path/Frameworks";
				PRODUCT_BUNDLE_IDENTIFIER = com.pearce.DisneyCountDown;
				PRODUCT_NAME = DisneyCountDown;
			};
			name = Release;
		};
/* End XCBuildConfiguration section */

/* Begin XCConfigurationList section */
		1D5B74141D84897A001E1A15 /* Build configuration list for PBXProject "DisneyCountDown" */ = {
			isa = XCConfigurationList;
			buildConfigurations = (
				1D5B74291D84897A001E1A15 /* Debug */,
				1D5B742A1D84897A001E1A15 /* Release */,
			);
			defaultConfigurationIsVisible = 0;
			defaultConfigurationName = Release;
		};
		1D5B742B1D84897A001E1A15 /* Build configuration list for PBXNativeTarget "DisneyCountDown" */ = {
			isa = XCConfigurationList;
			buildConfigurations = (
				1D5B742C1D84897A001E1A15 /* Debug */,
				1D5B742D1D84897A001E1A15 /* Release */,
			);
			defaultConfigurationIsVisible = 0;
			defaultConfigurationName = Release;
		};
/* End XCConfigurationList section */
	};
	rootObject = 1D5B74111D84897A001E1A15 /* Project object */;
}
